
Microsoft Visual Studio Solution File, Format Version 12.00
# Visual Studio Version 16
VisualStudioVersion = 16.0.33214.272
MinimumVisualStudioVersion = 10.0.40219.1
Project("{FAE04EC0-301F-11D3-BF4B-00C04F79EFBC}") = "Bucles", "Bucles.csproj", "{5EDB6346-0E0A-4EA8-BD5A-BE5F5920FE8F}"
EndProject
Global
	GlobalSection(SolutionConfigurationPlatforms) = preSolution
		Debug|Any CPU = Debug|Any CPU
		Release|Any CPU = Release|Any CPU
	EndGlobalSection
	GlobalSection(ProjectConfigurationPlatforms) = postSolution
		{5EDB6346-0E0A-4EA8-BD5A-BE5F5920FE8F}.Debug|Any CPU.ActiveCfg = Debug|Any CPU
		{5EDB6346-0E0A-4EA8-BD5A-BE5F5920FE8F}.Debug|Any CPU.Build.0 = Debug|Any CPU
		{5EDB6346-0E0A-4EA8-BD5A-BE5F5920FE8F}.Release|Any CPU.ActiveCfg = Release|Any CPU
		{5EDB6346-0E0A-4EA8-BD5A-BE5F5920FE8F}.Release|Any CPU.Build.0 = Release|Any CPU
	EndGlobalSection
	GlobalSection(SolutionProperties) = preSolution
		HideSolutionNode = FALSE
	EndGlobalSection
	GlobalSection(ExtensibilityGlobals) = postSolution
		SolutionGuid = {DB4E40DA-6856-4632-9F60-AF695EB5F090}
	EndGlobalSection
EndGlobal
